
Microsoft Visual Studio Solution File, Format Version 12.00
# Visual Studio Version 17
VisualStudioVersion = 17.4.33213.308
MinimumVisualStudioVersion = 10.0.40219.1
Project("{FAE04EC0-301F-11D3-BF4B-00C04F79EFBC}") = "WorkoutApp", "WorkoutApp\WorkoutApp.csproj", "{BEE76531-189D-49A4-880B-4AFBABC96529}"
EndProject
Global
	GlobalSection(SolutionConfigurationPlatforms) = preSolution
		Debug|Any CPU = Debug|Any CPU
		Release|Any CPU = Release|Any CPU
	EndGlobalSection
	GlobalSection(ProjectConfigurationPlatforms) = postSolution
		{BEE76531-189D-49A4-880B-4AFBABC96529}.Debug|Any CPU.ActiveCfg = Debug|Any CPU
		{BEE76531-189D-49A4-880B-4AFBABC96529}.Debug|Any CPU.Build.0 = Debug|Any CPU
		{BEE76531-189D-49A4-880B-4AFBABC96529}.Release|Any CPU.ActiveCfg = Release|Any CPU
		{BEE76531-189D-49A4-880B-4AFBABC96529}.Release|Any CPU.Build.0 = Release|Any CPU
	EndGlobalSection
	GlobalSection(SolutionProperties) = preSolution
		HideSolutionNode = FALSE
	EndGlobalSection
	GlobalSection(ExtensibilityGlobals) = postSolution
		SolutionGuid = {AA61CDC3-93BF-4807-B05B-1DDFA2AD2ACA}
	EndGlobalSection
EndGlobal
